
Microsoft Visual Studio Solution File, Format Version 12.00
# Visual Studio Version 17
VisualStudioVersion = 17.11.35312.102
MinimumVisualStudioVersion = 10.0.40219.1
Project("{8BC9CEB8-8B4A-11D0-8D11-00A0C91BC942}") = "24104410016_SETYO PANJI PRATAMA", "24104410016_SETYO PANJI PRATAMA\24104410016_SETYO PANJI PRATAMA.vcxproj", "{5677D796-BED6-495A-BB57-40A1902D1BC3}"
EndProject
Global
	GlobalSection(SolutionConfigurationPlatforms) = preSolution
		Debug|x64 = Debug|x64
		Debug|x86 = Debug|x86
		Release|x64 = Release|x64
		Release|x86 = Release|x86
	EndGlobalSection
	GlobalSection(ProjectConfigurationPlatforms) = postSolution
		{5677D796-BED6-495A-BB57-40A1902D1BC3}.Debug|x64.ActiveCfg = Debug|x64
		{5677D796-BED6-495A-BB57-40A1902D1BC3}.Debug|x64.Build.0 = Debug|x64
		{5677D796-BED6-495A-BB57-40A1902D1BC3}.Debug|x86.ActiveCfg = Debug|Win32
		{5677D796-BED6-495A-BB57-40A1902D1BC3}.Debug|x86.Build.0 = Debug|Win32
		{5677D796-BED6-495A-BB57-40A1902D1BC3}.Release|x64.ActiveCfg = Release|x64
		{5677D796-BED6-495A-BB57-40A1902D1BC3}.Release|x64.Build.0 = Release|x64
		{5677D796-BED6-495A-BB57-40A1902D1BC3}.Release|x86.ActiveCfg = Release|Win32
		{5677D796-BED6-495A-BB57-40A1902D1BC3}.Release|x86.Build.0 = Release|Win32
	EndGlobalSection
	GlobalSection(SolutionProperties) = preSolution
		HideSolutionNode = FALSE
	EndGlobalSection
	GlobalSection(ExtensibilityGlobals) = postSolution
		SolutionGuid = {135E5B1C-615E-4249-9B78-2D1625841B12}
	EndGlobalSection
EndGlobal
